
Microsoft Visual Studio Solution File, Format Version 11.00
# Visual Studio 2010
Project("{FAE04EC0-301F-11D3-BF4B-00C04F79EFBC}") = "First unity project", "Assembly-CSharp.csproj", "{BEBE0516-C0A1-F6D2-7A2C-D76F91D78E49}"
EndProject
Global
	GlobalSection(SolutionConfigurationPlatforms) = preSolution
		Debug|Any CPU = Debug|Any CPU
		Release|Any CPU = Release|Any CPU
	EndGlobalSection
	GlobalSection(ProjectConfigurationPlatforms) = postSolution
		{BEBE0516-C0A1-F6D2-7A2C-D76F91D78E49}.Debug|Any CPU.ActiveCfg = Debug|Any CPU
		{BEBE0516-C0A1-F6D2-7A2C-D76F91D78E49}.Debug|Any CPU.Build.0 = Debug|Any CPU
		{BEBE0516-C0A1-F6D2-7A2C-D76F91D78E49}.Release|Any CPU.ActiveCfg = Release|Any CPU
		{BEBE0516-C0A1-F6D2-7A2C-D76F91D78E49}.Release|Any CPU.Build.0 = Release|Any CPU
	EndGlobalSection
	GlobalSection(SolutionProperties) = preSolution
		HideSolutionNode = FALSE
	EndGlobalSection
	GlobalSection(MonoDevelopProperties) = preSolution
		StartupItem = Assembly-CSharp.csproj
	EndGlobalSection
EndGlobal
